
Microsoft Visual Studio Solution File, Format Version 12.00
# Visual Studio Version 17
VisualStudioVersion = 17.5.33627.172
MinimumVisualStudioVersion = 10.0.40219.1
Project("{9A19103F-16F7-4668-BE54-9A1E7A4F7556}") = "MtdKey.OrderMaker", "MtdKey.OrderMaker.csproj", "{3EB58DD1-08F9-46DE-A193-AF1DF0D301A7}"
EndProject
Global
	GlobalSection(SolutionConfigurationPlatforms) = preSolution
		Debug|Any CPU = Debug|Any CPU
		Debug|x64 = Debug|x64
		Release|Any CPU = Release|Any CPU
		Release|x64 = Release|x64
	EndGlobalSection
	GlobalSection(ProjectConfigurationPlatforms) = postSolution
		{3EB58DD1-08F9-46DE-A193-AF1DF0D301A7}.Debug|Any CPU.ActiveCfg = Debug|Any CPU
		{3EB58DD1-08F9-46DE-A193-AF1DF0D301A7}.Debug|Any CPU.Build.0 = Debug|Any CPU
		{3EB58DD1-08F9-46DE-A193-AF1DF0D301A7}.Debug|x64.ActiveCfg = Debug|x64
		{3EB58DD1-08F9-46DE-A193-AF1DF0D301A7}.Debug|x64.Build.0 = Debug|x64
		{3EB58DD1-08F9-46DE-A193-AF1DF0D301A7}.Release|Any CPU.ActiveCfg = Release|Any CPU
		{3EB58DD1-08F9-46DE-A193-AF1DF0D301A7}.Release|Any CPU.Build.0 = Release|Any CPU
		{3EB58DD1-08F9-46DE-A193-AF1DF0D301A7}.Release|x64.ActiveCfg = Release|x64
		{3EB58DD1-08F9-46DE-A193-AF1DF0D301A7}.Release|x64.Build.0 = Release|x64
	EndGlobalSection
	GlobalSection(SolutionProperties) = preSolution
		HideSolutionNode = FALSE
	EndGlobalSection
	GlobalSection(ExtensibilityGlobals) = postSolution
		SolutionGuid = {56D0E087-1445-47CD-B5AB-6C7F8F497F70}
	EndGlobalSection
EndGlobal
